
Microsoft Visual Studio Solution File, Format Version 12.00
# Visual Studio 14
VisualStudioVersion = 14.0.25420.1
MinimumVisualStudioVersion = 10.0.40219.1
Project("{E24C65DC-7377-472B-9ABA-BC803B73C61A}") = "SeeYou", ".", "{D96FA923-75E7-4674-88ED-CF11B7B59A6F}"
	ProjectSection(WebsiteProperties) = preProject
		TargetFrameworkMoniker = ".NETFramework,Version%3Dv4.5.2"
		ProjectReferences = "{57A5CFC4-0E7D-4436-88FF-531C27E5009D}|Models.dll;{e823cca1-7929-4129-a2f0-1d89a73241d3}|BLL.dll;{c5756437-7285-4c75-867f-e76126ec30b1}|DAL.dll;"
		Debug.AspNetCompiler.VirtualPath = "/localhost_55512"
		Debug.AspNetCompiler.PhysicalPath = "..\SeeYou\"
		Debug.AspNetCompiler.TargetPath = "PrecompiledWeb\localhost_55512\"
		Debug.AspNetCompiler.Updateable = "true"
		Debug.AspNetCompiler.ForceOverwrite = "true"
		Debug.AspNetCompiler.FixedNames = "false"
		Debug.AspNetCompiler.Debug = "True"
		Release.AspNetCompiler.VirtualPath = "/localhost_55512"
		Release.AspNetCompiler.PhysicalPath = "..\SeeYou\"
		Release.AspNetCompiler.TargetPath = "PrecompiledWeb\localhost_55512\"
		Release.AspNetCompiler.Updateable = "true"
		Release.AspNetCompiler.ForceOverwrite = "true"
		Release.AspNetCompiler.FixedNames = "false"
		Release.AspNetCompiler.Debug = "False"
		VWDPort = "55512"
		SlnRelativePath = "..\SeeYou\"
		DefaultWebSiteLanguage = "Visual C#"
	EndProjectSection
EndProject
Project("{FAE04EC0-301F-11D3-BF4B-00C04F79EFBC}") = "Models", "Models\Models.csproj", "{57A5CFC4-0E7D-4436-88FF-531C27E5009D}"
EndProject
Project("{FAE04EC0-301F-11D3-BF4B-00C04F79EFBC}") = "BLL", "BLL\BLL.csproj", "{E823CCA1-7929-4129-A2F0-1D89A73241D3}"
EndProject
Project("{FAE04EC0-301F-11D3-BF4B-00C04F79EFBC}") = "DAL", "DAL\DAL.csproj", "{C5756437-7285-4C75-867F-E76126EC30B1}"
EndProject
Global
	GlobalSection(SolutionConfigurationPlatforms) = preSolution
		Debug|Any CPU = Debug|Any CPU
		Release|Any CPU = Release|Any CPU
	EndGlobalSection
	GlobalSection(ProjectConfigurationPlatforms) = postSolution
		{D96FA923-75E7-4674-88ED-CF11B7B59A6F}.Debug|Any CPU.ActiveCfg = Debug|Any CPU
		{D96FA923-75E7-4674-88ED-CF11B7B59A6F}.Debug|Any CPU.Build.0 = Debug|Any CPU
		{D96FA923-75E7-4674-88ED-CF11B7B59A6F}.Release|Any CPU.ActiveCfg = Debug|Any CPU
		{D96FA923-75E7-4674-88ED-CF11B7B59A6F}.Release|Any CPU.Build.0 = Debug|Any CPU
		{57A5CFC4-0E7D-4436-88FF-531C27E5009D}.Debug|Any CPU.ActiveCfg = Debug|Any CPU
		{57A5CFC4-0E7D-4436-88FF-531C27E5009D}.Debug|Any CPU.Build.0 = Debug|Any CPU
		{57A5CFC4-0E7D-4436-88FF-531C27E5009D}.Release|Any CPU.ActiveCfg = Release|Any CPU
		{57A5CFC4-0E7D-4436-88FF-531C27E5009D}.Release|Any CPU.Build.0 = Release|Any CPU
		{E823CCA1-7929-4129-A2F0-1D89A73241D3}.Debug|Any CPU.ActiveCfg = Debug|Any CPU
		{E823CCA1-7929-4129-A2F0-1D89A73241D3}.Debug|Any CPU.Build.0 = Debug|Any CPU
		{E823CCA1-7929-4129-A2F0-1D89A73241D3}.Release|Any CPU.ActiveCfg = Release|Any CPU
		{E823CCA1-7929-4129-A2F0-1D89A73241D3}.Release|Any CPU.Build.0 = Release|Any CPU
		{C5756437-7285-4C75-867F-E76126EC30B1}.Debug|Any CPU.ActiveCfg = Debug|Any CPU
		{C5756437-7285-4C75-867F-E76126EC30B1}.Debug|Any CPU.Build.0 = Debug|Any CPU
		{C5756437-7285-4C75-867F-E76126EC30B1}.Release|Any CPU.ActiveCfg = Release|Any CPU
		{C5756437-7285-4C75-867F-E76126EC30B1}.Release|Any CPU.Build.0 = Release|Any CPU
	EndGlobalSection
	GlobalSection(SolutionProperties) = preSolution
		HideSolutionNode = FALSE
	EndGlobalSection
EndGlobal
